
Microsoft Visual Studio Solution File, Format Version 12.00
# Visual Studio Version 16
VisualStudioVersion = 16.0.30717.126
MinimumVisualStudioVersion = 10.0.40219.1
Project("{888888A0-9F3D-457C-B088-3A5042F75D52}") = "DigitRecognizer", "DigitRecognizer.pyproj", "{E0B55AD7-44D3-45BD-8E7F-BC98E64FC3DD}"
EndProject
Global
	GlobalSection(SolutionConfigurationPlatforms) = preSolution
		Debug|Any CPU = Debug|Any CPU
		Release|Any CPU = Release|Any CPU
	EndGlobalSection
	GlobalSection(ProjectConfigurationPlatforms) = postSolution
		{E0B55AD7-44D3-45BD-8E7F-BC98E64FC3DD}.Debug|Any CPU.ActiveCfg = Debug|Any CPU
		{E0B55AD7-44D3-45BD-8E7F-BC98E64FC3DD}.Release|Any CPU.ActiveCfg = Release|Any CPU
	EndGlobalSection
	GlobalSection(SolutionProperties) = preSolution
		HideSolutionNode = FALSE
	EndGlobalSection
	GlobalSection(ExtensibilityGlobals) = postSolution
		SolutionGuid = {64C921FB-CFCF-47DF-BE9A-2FD1A409CC75}
	EndGlobalSection
EndGlobal
